
Microsoft Visual Studio Solution File, Format Version 12.00
# Visual Studio Version 17
VisualStudioVersion = 17.14.36221.1
MinimumVisualStudioVersion = 10.0.40219.1
Project("{FAE04EC0-301F-11D3-BF4B-00C04F79EFBC}") = "CBRoomConverter", "CBRoomConverter\CBRoomConverter.csproj", "{F341143D-FD55-4159-A913-77206CA2EDA6}"
EndProject
Project("{FAE04EC0-301F-11D3-BF4B-00C04F79EFBC}") = "AWildErin.Utility", "ThirdParty\AWildErin.Utility\AWildErin.Utility.csproj", "{ECF45C8B-4797-C42E-2940-4C29E62949A3}"
EndProject
Global
	GlobalSection(SolutionConfigurationPlatforms) = preSolution
		Debug|Any CPU = Debug|Any CPU
		Release|Any CPU = Release|Any CPU
	EndGlobalSection
	GlobalSection(ProjectConfigurationPlatforms) = postSolution
		{F341143D-FD55-4159-A913-77206CA2EDA6}.Debug|Any CPU.ActiveCfg = Debug|Any CPU
		{F341143D-FD55-4159-A913-77206CA2EDA6}.Debug|Any CPU.Build.0 = Debug|Any CPU
		{F341143D-FD55-4159-A913-77206CA2EDA6}.Release|Any CPU.ActiveCfg = Release|Any CPU
		{F341143D-FD55-4159-A913-77206CA2EDA6}.Release|Any CPU.Build.0 = Release|Any CPU
		{ECF45C8B-4797-C42E-2940-4C29E62949A3}.Debug|Any CPU.ActiveCfg = Debug|Any CPU
		{ECF45C8B-4797-C42E-2940-4C29E62949A3}.Debug|Any CPU.Build.0 = Debug|Any CPU
		{ECF45C8B-4797-C42E-2940-4C29E62949A3}.Release|Any CPU.ActiveCfg = Release|Any CPU
		{ECF45C8B-4797-C42E-2940-4C29E62949A3}.Release|Any CPU.Build.0 = Release|Any CPU
	EndGlobalSection
	GlobalSection(SolutionProperties) = preSolution
		HideSolutionNode = FALSE
	EndGlobalSection
	GlobalSection(ExtensibilityGlobals) = postSolution
		SolutionGuid = {50B245EE-B7D5-413D-856D-B1400D94C00A}
	EndGlobalSection
EndGlobal
